// !$*UTF8*$!
{
	archiveVersion = 1;
	classes = {
	};
	objectVersion = 77;
	objects = {

/* Begin PBXBuildFile section */
		A1C0A1C0A1C0A1C0A1C0A1C0 /* Assets.xcassets in Resources */ = {isa = PBXBuildFile; fileRef = B2D0B2D0B2D0B2D0B2D0B2D0 /* Assets.xcassets */; };
		0D1EA5C309FEACDC7A125906 /* SessionTransport.swift in Sources */ = {isa = PBXBuildFile; fileRef = BEBA076FBE51136D4CCF4B13 /* SessionTransport.swift */; };
		1522DC2819DB78E56486746B /* README.md in Resources */ = {isa = PBXBuildFile; fileRef = F37FE2EEB29007EDBE5619BF /* README.md */; };
		3BEA461344986C7527D47E43 /* MotionPacket.swift in Sources */ = {isa = PBXBuildFile; fileRef = C294D5AF003FAF7AC84A0BF6 /* MotionPacket.swift */; };
		4212DC5CD1B72ECDA5EC5BEA /* SessionTransport.swift in Sources */ = {isa = PBXBuildFile; fileRef = BEBA076FBE51136D4CCF4B13 /* SessionTransport.swift */; };
		4ED3777AA55385171C999248 /* MotionPacket.swift in Sources */ = {isa = PBXBuildFile; fileRef = C294D5AF003FAF7AC84A0BF6 /* MotionPacket.swift */; };
		52E70D4625197BD2523D0B74 /* BroadcastSampleHandler.swift in Sources */ = {isa = PBXBuildFile; fileRef = E872F1BC68CC9800F791D2ED /* BroadcastSampleHandler.swift */; };
		65AFD3AE1F460BF2F13CFDCF /* MotionCapture.swift in Sources */ = {isa = PBXBuildFile; fileRef = D8B56F082E540B270527CDC0 /* MotionCapture.swift */; };
		862F7CFB3944DFCA119F488C /* MotionCapture.swift in Sources */ = {isa = PBXBuildFile; fileRef = D8B56F082E540B270527CDC0 /* MotionCapture.swift */; };
		9A8FF36DB1BEAD0830FA99FC /* PhoneTwinSenderApp.swift in Sources */ = {isa = PBXBuildFile; fileRef = 537F05EFDC5A268C835AA507 /* PhoneTwinSenderApp.swift */; };
		AB3CACCE99412AC3B72DEFA8 /* PhoneTwinBroadcast.appex in Embed Foundation Extensions */ = {isa = PBXBuildFile; fileRef = 84CBEE66982908B556FCA214 /* PhoneTwinBroadcast.appex */; settings = {ATTRIBUTES = (RemoveHeadersOnCopy, ); }; };
/* End PBXBuildFile section */

/* Begin PBXContainerItemProxy section */
		14DA8BB50239FCA69703ACF1 /* PBXContainerItemProxy */ = {
			isa = PBXContainerItemProxy;
			containerPortal = C7F6E55BD03464A5069E5F67 /* Project object */;
			proxyType = 1;
			remoteGlobalIDString = 738FE9B53DDD446D2AA4E04F;
			remoteInfo = PhoneTwinBroadcast;
		};
/* End PBXContainerItemProxy section */

/* Begin PBXCopyFilesBuildPhase section */
		F5B758D50C43561B385A1D61 /* Embed Foundation Extensions */ = {
			isa = PBXCopyFilesBuildPhase;
			buildActionMask = 2147483647;
			dstPath = "";
			dstSubfolderSpec = 13;
			files = (
				AB3CACCE99412AC3B72DEFA8 /* PhoneTwinBroadcast.appex in Embed Foundation Extensions */,
			);
			name = "Embed Foundation Extensions";
			runOnlyForDeploymentPostprocessing = 0;
		};
/* End PBXCopyFilesBuildPhase section */

/* Begin PBXFileReference section */
		B2D0B2D0B2D0B2D0B2D0B2D0 /* Assets.xcassets */ = {isa = PBXFileReference; lastKnownFileType = folder.assetcatalog; path = Assets.xcassets; sourceTree = "<group>"; };
		08E4E5268027C9FF6180D606 /* PhoneTwinSender.entitlements */ = {isa = PBXFileReference; lastKnownFileType = text.plist.entitlements; path = PhoneTwinSender.entitlements; sourceTree = "<group>"; };
		537F05EFDC5A268C835AA507 /* PhoneTwinSenderApp.swift */ = {isa = PBXFileReference; lastKnownFileType = sourcecode.swift; path = PhoneTwinSenderApp.swift; sourceTree = "<group>"; };
		56E8135CD10E43D38E51B80C /* PhoneTwinSender.app */ = {isa = PBXFileReference; explicitFileType = wrapper.application; includeInIndex = 0; path = PhoneTwinSender.app; sourceTree = BUILT_PRODUCTS_DIR; };
		84CBEE66982908B556FCA214 /* PhoneTwinBroadcast.appex */ = {isa = PBXFileReference; explicitFileType = "wrapper.app-extension"; includeInIndex = 0; path = PhoneTwinBroadcast.appex; sourceTree = BUILT_PRODUCTS_DIR; };
		96E1A66DAE0B06E75CFC3CFF /* Info.plist */ = {isa = PBXFileReference; lastKnownFileType = text.plist; path = Info.plist; sourceTree = "<group>"; };
		BEBA076FBE51136D4CCF4B13 /* SessionTransport.swift */ = {isa = PBXFileReference; lastKnownFileType = sourcecode.swift; path = SessionTransport.swift; sourceTree = "<group>"; };
		C294D5AF003FAF7AC84A0BF6 /* MotionPacket.swift */ = {isa = PBXFileReference; lastKnownFileType = sourcecode.swift; path = MotionPacket.swift; sourceTree = "<group>"; };
		D8B56F082E540B270527CDC0 /* MotionCapture.swift */ = {isa = PBXFileReference; lastKnownFileType = sourcecode.swift; path = MotionCapture.swift; sourceTree = "<group>"; };
		E872F1BC68CC9800F791D2ED /* BroadcastSampleHandler.swift */ = {isa = PBXFileReference; lastKnownFileType = sourcecode.swift; path = BroadcastSampleHandler.swift; sourceTree = "<group>"; };
		F37FE2EEB29007EDBE5619BF /* README.md */ = {isa = PBXFileReference; lastKnownFileType = net.daringfireball.markdown; path = README.md; sourceTree = "<group>"; };
/* End PBXFileReference section */

/* Begin PBXGroup section */
		155AF65F7DC23955737A4BE9 /* PhoneTwinSender */ = {
			isa = PBXGroup;
			children = (
				E872F1BC68CC9800F791D2ED /* BroadcastSampleHandler.swift */,
				96E1A66DAE0B06E75CFC3CFF /* Info.plist */,
				D8B56F082E540B270527CDC0 /* MotionCapture.swift */,
				C294D5AF003FAF7AC84A0BF6 /* MotionPacket.swift */,
				08E4E5268027C9FF6180D606 /* PhoneTwinSender.entitlements */,
				537F05EFDC5A268C835AA507 /* PhoneTwinSenderApp.swift */,
				F37FE2EEB29007EDBE5619BF /* README.md */,
				BEBA076FBE51136D4CCF4B13 /* SessionTransport.swift */,
				B2D0B2D0B2D0B2D0B2D0B2D0 /* Assets.xcassets */,
			);
			path = PhoneTwinSender;
			sourceTree = "<group>";
		};
		2DAAA6B0116D2976CFD744DC = {
			isa = PBXGroup;
			children = (
				155AF65F7DC23955737A4BE9 /* PhoneTwinSender */,
				98A45BE2E2D8A0E3900C2D67 /* Products */,
			);
			sourceTree = "<group>";
		};
		98A45BE2E2D8A0E3900C2D67 /* Products */ = {
			isa = PBXGroup;
			children = (
				84CBEE66982908B556FCA214 /* PhoneTwinBroadcast.appex */,
				56E8135CD10E43D38E51B80C /* PhoneTwinSender.app */,
			);
			name = Products;
			sourceTree = "<group>";
		};
/* End PBXGroup section */

/* Begin PBXNativeTarget section */
		738FE9B53DDD446D2AA4E04F /* PhoneTwinBroadcast */ = {
			isa = PBXNativeTarget;
			buildConfigurationList = CB3E7C36ADA8207CBBF51B44 /* Build configuration list for PBXNativeTarget "PhoneTwinBroadcast" */;
			buildPhases = (
				FB6C4490370D349094F1022F /* Sources */,
			);
			buildRules = (
			);
			dependencies = (
			);
			name = PhoneTwinBroadcast;
			packageProductDependencies = (
			);
			productName = PhoneTwinBroadcast;
			productReference = 84CBEE66982908B556FCA214 /* PhoneTwinBroadcast.appex */;
			productType = "com.apple.product-type.app-extension";
		};
		9271795AADD9128E49ABEEDD /* PhoneTwinSender */ = {
			isa = PBXNativeTarget;
			buildConfigurationList = 807C93B260A19093E09347FE /* Build configuration list for PBXNativeTarget "PhoneTwinSender" */;
			buildPhases = (
				07B7029F4A0D7C39E08FC9C7 /* Sources */,
				3DBCF9B7FCBE9756E66EA0E5 /* Resources */,
				F5B758D50C43561B385A1D61 /* Embed Foundation Extensions */,
			);
			buildRules = (
			);
			dependencies = (
				409C32E54AF9FF4D36A3D3F0 /* PBXTargetDependency */,
			);
			name = PhoneTwinSender;
			packageProductDependencies = (
			);
			productName = PhoneTwinSender;
			productReference = 56E8135CD10E43D38E51B80C /* PhoneTwinSender.app */;
			productType = "com.apple.product-type.application";
		};
/* End PBXNativeTarget section */

/* Begin PBXProject section */
		C7F6E55BD03464A5069E5F67 /* Project object */ = {
			isa = PBXProject;
			attributes = {
				BuildIndependentTargetsInParallel = YES;
				LastUpgradeCheck = 2660;
			};
			buildConfigurationList = 2DDC70781987B8D38B2A961A /* Build configuration list for PBXProject "PhoneTwinSender" */;
			developmentRegion = en;
			hasScannedForEncodings = 0;
			knownRegions = (
				Base,
				en,
			);
			mainGroup = 2DAAA6B0116D2976CFD744DC;
			minimizedProjectReferenceProxies = 1;
			preferredProjectObjectVersion = 77;
			productRefGroup = 98A45BE2E2D8A0E3900C2D67 /* Products */;
			projectDirPath = "";
			projectRoot = "";
			targets = (
				9271795AADD9128E49ABEEDD /* PhoneTwinSender */,
				738FE9B53DDD446D2AA4E04F /* PhoneTwinBroadcast */,
			);
		};
/* End PBXProject section */

/* Begin PBXResourcesBuildPhase section */
		3DBCF9B7FCBE9756E66EA0E5 /* Resources */ = {
			isa = PBXResourcesBuildPhase;
			buildActionMask = 2147483647;
			files = (
				A1C0A1C0A1C0A1C0A1C0A1C0 /* Assets.xcassets in Resources */,
				1522DC2819DB78E56486746B /* README.md in Resources */,
			);
			runOnlyForDeploymentPostprocessing = 0;
		};
/* End PBXResourcesBuildPhase section */

/* Begin PBXSourcesBuildPhase section */
		07B7029F4A0D7C39E08FC9C7 /* Sources */ = {
			isa = PBXSourcesBuildPhase;
			buildActionMask = 2147483647;
			files = (
				862F7CFB3944DFCA119F488C /* MotionCapture.swift in Sources */,
				4ED3777AA55385171C999248 /* MotionPacket.swift in Sources */,
				9A8FF36DB1BEAD0830FA99FC /* PhoneTwinSenderApp.swift in Sources */,
				4212DC5CD1B72ECDA5EC5BEA /* SessionTransport.swift in Sources */,
			);
			runOnlyForDeploymentPostprocessing = 0;
		};
		FB6C4490370D349094F1022F /* Sources */ = {
			isa = PBXSourcesBuildPhase;
			buildActionMask = 2147483647;
			files = (
				52E70D4625197BD2523D0B74 /* BroadcastSampleHandler.swift in Sources */,
				65AFD3AE1F460BF2F13CFDCF /* MotionCapture.swift in Sources */,
				3BEA461344986C7527D47E43 /* MotionPacket.swift in Sources */,
				0D1EA5C309FEACDC7A125906 /* SessionTransport.swift in Sources */,
			);
			runOnlyForDeploymentPostprocessing = 0;
		};
/* End PBXSourcesBuildPhase section */

/* Begin PBXTargetDependency section */
		409C32E54AF9FF4D36A3D3F0 /* PBXTargetDependency */ = {
			isa = PBXTargetDependency;
			target = 738FE9B53DDD446D2AA4E04F /* PhoneTwinBroadcast */;
			targetProxy = 14DA8BB50239FCA69703ACF1 /* PBXContainerItemProxy */;
		};
/* End PBXTargetDependency section */

/* Begin XCBuildConfiguration section */
		051D513727CF0325694EB870 /* Release */ = {
			isa = XCBuildConfiguration;
			buildSettings = {
				ASSETCATALOG_COMPILER_APPICON_NAME = AppIcon;
				CODE_SIGN_ENTITLEMENTS = PhoneTwinSender/PhoneTwinSender.entitlements;
				CODE_SIGN_IDENTITY = "iPhone Developer";
				DEVELOPMENT_TEAM = DRNVX347XM;
				INFOPLIST_FILE = PhoneTwinSender/Info.plist;
				LD_RUNPATH_SEARCH_PATHS = (
					"$(inherited)",
					"@executable_path/Frameworks",
				);
				PRODUCT_BUNDLE_IDENTIFIER = com.img2threejs.PhoneTwinSender;
				SDKROOT = iphoneos;
				TARGETED_DEVICE_FAMILY = "1,2";
			};
			name = Release;
		};
		06B0AA8F8BEF1D9B8F5ADDAF /* Release */ = {
			isa = XCBuildConfiguration;
			buildSettings = {
				CODE_SIGN_ENTITLEMENTS = PhoneTwinBroadcast/PhoneTwinBroadcast.entitlements;
				DEVELOPMENT_TEAM = DRNVX347XM;
				INFOPLIST_FILE = PhoneTwinBroadcast/Info.plist;
				LD_RUNPATH_SEARCH_PATHS = (
					"$(inherited)",
					"@executable_path/Frameworks",
					"@executable_path/../../Frameworks",
				);
				PRODUCT_BUNDLE_IDENTIFIER = com.img2threejs.PhoneTwinSender.Broadcast;
				SDKROOT = iphoneos;
				TARGETED_DEVICE_FAMILY = "1,2";
			};
			name = Release;
		};
		18EB51F181D0D8A5DECA93E3 /* Debug */ = {
			isa = XCBuildConfiguration;
			buildSettings = {
				CODE_SIGN_ENTITLEMENTS = PhoneTwinBroadcast/PhoneTwinBroadcast.entitlements;
				DEVELOPMENT_TEAM = DRNVX347XM;
				INFOPLIST_FILE = PhoneTwinBroadcast/Info.plist;
				LD_RUNPATH_SEARCH_PATHS = (
					"$(inherited)",
					"@executable_path/Frameworks",
					"@executable_path/../../Frameworks",
				);
				PRODUCT_BUNDLE_IDENTIFIER = com.img2threejs.PhoneTwinSender.Broadcast;
				SDKROOT = iphoneos;
				TARGETED_DEVICE_FAMILY = "1,2";
			};
			name = Debug;
		};
		303CAC1F950128301671507C /* Debug */ = {
			isa = XCBuildConfiguration;
			buildSettings = {
				ALWAYS_SEARCH_USER_PATHS = NO;
				CLANG_ANALYZER_NONNULL = YES;
				CLANG_ANALYZER_NUMBER_OBJECT_CONVERSION = YES_AGGRESSIVE;
				CLANG_CXX_LANGUAGE_STANDARD = "gnu++14";
				CLANG_CXX_LIBRARY = "libc++";
				CLANG_ENABLE_MODULES = YES;
				CLANG_ENABLE_OBJC_ARC = YES;
				CLANG_ENABLE_OBJC_WEAK = YES;
				CLANG_WARN_BLOCK_CAPTURE_AUTORELEASING = YES;
				CLANG_WARN_BOOL_CONVERSION = YES;
				CLANG_WARN_COMMA = YES;
				CLANG_WARN_CONSTANT_CONVERSION = YES;
				CLANG_WARN_DEPRECATED_OBJC_IMPLEMENTATIONS = YES;
				CLANG_WARN_DIRECT_OBJC_ISA_USAGE = YES_ERROR;
				CLANG_WARN_DOCUMENTATION_COMMENTS = YES;
				CLANG_WARN_EMPTY_BODY = YES;
				CLANG_WARN_ENUM_CONVERSION = YES;
				CLANG_WARN_INFINITE_RECURSION = YES;
				CLANG_WARN_INT_CONVERSION = YES;
				CLANG_WARN_NON_LITERAL_NULL_CONVERSION = YES;
				CLANG_WARN_OBJC_IMPLICIT_RETAIN_SELF = YES;
				CLANG_WARN_OBJC_LITERAL_CONVERSION = YES;
				CLANG_WARN_OBJC_ROOT_CLASS = YES_ERROR;
				CLANG_WARN_QUOTED_INCLUDE_IN_FRAMEWORK_HEADER = YES;
				CLANG_WARN_RANGE_LOOP_ANALYSIS = YES;
				CLANG_WARN_STRICT_PROTOTYPES = YES;
				CLANG_WARN_SUSPICIOUS_MOVE = YES;
				CLANG_WARN_UNGUARDED_AVAILABILITY = YES_AGGRESSIVE;
				CLANG_WARN_UNREACHABLE_CODE = YES;
				CLANG_WARN__DUPLICATE_METHOD_MATCH = YES;
				COPY_PHASE_STRIP = NO;
				DEBUG_INFORMATION_FORMAT = dwarf;
				DEVELOPMENT_TEAM = DRNVX347XM;
				ENABLE_STRICT_OBJC_MSGSEND = YES;
				ENABLE_TESTABILITY = YES;
				ENABLE_USER_SCRIPT_SANDBOXING = YES;
				GCC_C_LANGUAGE_STANDARD = gnu11;
				GCC_DYNAMIC_NO_PIC = NO;
				GCC_NO_COMMON_BLOCKS = YES;
				GCC_OPTIMIZATION_LEVEL = 0;
				GCC_PREPROCESSOR_DEFINITIONS = (
					"$(inherited)",
					"DEBUG=1",
				);
				GCC_WARN_64_TO_32_BIT_CONVERSION = YES;
				GCC_WARN_ABOUT_RETURN_TYPE = YES_ERROR;
				GCC_WARN_UNDECLARED_SELECTOR = YES;
				GCC_WARN_UNINITIALIZED_AUTOS = YES_AGGRESSIVE;
				GCC_WARN_UNUSED_FUNCTION = YES;
				GCC_WARN_UNUSED_VARIABLE = YES;
				IPHONEOS_DEPLOYMENT_TARGET = 17.0;
				MTL_ENABLE_DEBUG_INFO = INCLUDE_SOURCE;
				MTL_FAST_MATH = YES;
				ONLY_ACTIVE_ARCH = YES;
				PRODUCT_NAME = "$(TARGET_NAME)";
				SDKROOT = iphoneos;
				STRING_CATALOG_GENERATE_SYMBOLS = YES;
				SWIFT_ACTIVE_COMPILATION_CONDITIONS = DEBUG;
				SWIFT_OPTIMIZATION_LEVEL = "-Onone";
				SWIFT_VERSION = 5.9;
			};
			name = Debug;
		};
		7393AF50415B6917414E3B72 /* Release */ = {
			isa = XCBuildConfiguration;
			buildSettings = {
				ALWAYS_SEARCH_USER_PATHS = NO;
				CLANG_ANALYZER_NONNULL = YES;
				CLANG_ANALYZER_NUMBER_OBJECT_CONVERSION = YES_AGGRESSIVE;
				CLANG_CXX_LANGUAGE_STANDARD = "gnu++14";
				CLANG_CXX_LIBRARY = "libc++";
				CLANG_ENABLE_MODULES = YES;
				CLANG_ENABLE_OBJC_ARC = YES;
				CLANG_ENABLE_OBJC_WEAK = YES;
				CLANG_WARN_BLOCK_CAPTURE_AUTORELEASING = YES;
				CLANG_WARN_BOOL_CONVERSION = YES;
				CLANG_WARN_COMMA = YES;
				CLANG_WARN_CONSTANT_CONVERSION = YES;
				CLANG_WARN_DEPRECATED_OBJC_IMPLEMENTATIONS = YES;
				CLANG_WARN_DIRECT_OBJC_ISA_USAGE = YES_ERROR;
				CLANG_WARN_DOCUMENTATION_COMMENTS = YES;
				CLANG_WARN_EMPTY_BODY = YES;
				CLANG_WARN_ENUM_CONVERSION = YES;
				CLANG_WARN_INFINITE_RECURSION = YES;
				CLANG_WARN_INT_CONVERSION = YES;
				CLANG_WARN_NON_LITERAL_NULL_CONVERSION = YES;
				CLANG_WARN_OBJC_IMPLICIT_RETAIN_SELF = YES;
				CLANG_WARN_OBJC_LITERAL_CONVERSION = YES;
				CLANG_WARN_OBJC_ROOT_CLASS = YES_ERROR;
				CLANG_WARN_QUOTED_INCLUDE_IN_FRAMEWORK_HEADER = YES;
				CLANG_WARN_RANGE_LOOP_ANALYSIS = YES;
				CLANG_WARN_STRICT_PROTOTYPES = YES;
				CLANG_WARN_SUSPICIOUS_MOVE = YES;
				CLANG_WARN_UNGUARDED_AVAILABILITY = YES_AGGRESSIVE;
				CLANG_WARN_UNREACHABLE_CODE = YES;
				CLANG_WARN__DUPLICATE_METHOD_MATCH = YES;
				COPY_PHASE_STRIP = NO;
				DEBUG_INFORMATION_FORMAT = "dwarf-with-dsym";
				DEVELOPMENT_TEAM = DRNVX347XM;
				ENABLE_NS_ASSERTIONS = NO;
				ENABLE_STRICT_OBJC_MSGSEND = YES;
				ENABLE_USER_SCRIPT_SANDBOXING = YES;
				GCC_C_LANGUAGE_STANDARD = gnu11;
				GCC_NO_COMMON_BLOCKS = YES;
				GCC_WARN_64_TO_32_BIT_CONVERSION = YES;
				GCC_WARN_ABOUT_RETURN_TYPE = YES_ERROR;
				GCC_WARN_UNDECLARED_SELECTOR = YES;
				GCC_WARN_UNINITIALIZED_AUTOS = YES_AGGRESSIVE;
				GCC_WARN_UNUSED_FUNCTION = YES;
				GCC_WARN_UNUSED_VARIABLE = YES;
				IPHONEOS_DEPLOYMENT_TARGET = 17.0;
				MTL_ENABLE_DEBUG_INFO = NO;
				MTL_FAST_MATH = YES;
				PRODUCT_NAME = "$(TARGET_NAME)";
				SDKROOT = iphoneos;
				STRING_CATALOG_GENERATE_SYMBOLS = YES;
				SWIFT_COMPILATION_MODE = wholemodule;
				SWIFT_OPTIMIZATION_LEVEL = "-O";
				SWIFT_VERSION = 5.9;
			};
			name = Release;
		};
		FA96747AB3610A85F1E02EC2 /* Debug */ = {
			isa = XCBuildConfiguration;
			buildSettings = {
				ASSETCATALOG_COMPILER_APPICON_NAME = AppIcon;
				CODE_SIGN_ENTITLEMENTS = PhoneTwinSender/PhoneTwinSender.entitlements;
				CODE_SIGN_IDENTITY = "iPhone Developer";
				DEVELOPMENT_TEAM = DRNVX347XM;
				INFOPLIST_FILE = PhoneTwinSender/Info.plist;
				LD_RUNPATH_SEARCH_PATHS = (
					"$(inherited)",
					"@executable_path/Frameworks",
				);
				PRODUCT_BUNDLE_IDENTIFIER = com.img2threejs.PhoneTwinSender;
				SDKROOT = iphoneos;
				TARGETED_DEVICE_FAMILY = "1,2";
			};
			name = Debug;
		};
/* End XCBuildConfiguration section */

/* Begin XCConfigurationList section */
		2DDC70781987B8D38B2A961A /* Build configuration list for PBXProject "PhoneTwinSender" */ = {
			isa = XCConfigurationList;
			buildConfigurations = (
				303CAC1F950128301671507C /* Debug */,
				7393AF50415B6917414E3B72 /* Release */,
			);
			defaultConfigurationIsVisible = 0;
			defaultConfigurationName = Debug;
		};
		807C93B260A19093E09347FE /* Build configuration list for PBXNativeTarget "PhoneTwinSender" */ = {
			isa = XCConfigurationList;
			buildConfigurations = (
				FA96747AB3610A85F1E02EC2 /* Debug */,
				051D513727CF0325694EB870 /* Release */,
			);
			defaultConfigurationIsVisible = 0;
			defaultConfigurationName = Debug;
		};
		CB3E7C36ADA8207CBBF51B44 /* Build configuration list for PBXNativeTarget "PhoneTwinBroadcast" */ = {
			isa = XCConfigurationList;
			buildConfigurations = (
				18EB51F181D0D8A5DECA93E3 /* Debug */,
				06B0AA8F8BEF1D9B8F5ADDAF /* Release */,
			);
			defaultConfigurationIsVisible = 0;
			defaultConfigurationName = Debug;
		};
/* End XCConfigurationList section */
	};
	rootObject = C7F6E55BD03464A5069E5F67 /* Project object */;
}
